{
  "requires": true,
  "lockfileVersion": 1,
  "dependencies": {
    "jsplumb": {
      "version": "2.10.0",
      "resolved": "https://registry.npmjs.org/jsplumb/-/jsplumb-2.10.0.tgz",
      "integrity": "sha512-4AbaPnGFo3WYJzPa62iHpB6rq0P6bj52SqY2I3KfqyMY+Of6VNZ5iUFwJ5401za75F7/SrX0IIMC7e9A08Xc8Q=="
    }
  }
}
